
Microsoft Visual Studio Solution File, Format Version 12.00
# Visual Studio Version 16
VisualStudioVersion = 16.0.30524.135
MinimumVisualStudioVersion = 10.0.40219.1
Project("{FAE04EC0-301F-11D3-BF4B-00C04F79EFBC}") = "appCoreThree.WebApi", "appCoreThree.WebApi\appCoreThree.WebApi.csproj", "{0E478C2B-308D-4428-A749-C7C8A72943F2}"
EndProject
Project("{FAE04EC0-301F-11D3-BF4B-00C04F79EFBC}") = "appCoreThree.DAL", "appCoreThree.DAL\appCoreThree.DAL.csproj", "{9CA7F9A9-FE51-45F8-98B7-A4BBDF9A71A3}"
EndProject
Project("{FAE04EC0-301F-11D3-BF4B-00C04F79EFBC}") = "appCoreThree.BUL", "appCoreThree.BUL\appCoreThree.BUL.csproj", "{843632CE-199F-43B5-A25F-752BC8DFA487}"
EndProject
Global
	GlobalSection(SolutionConfigurationPlatforms) = preSolution
		Debug|Any CPU = Debug|Any CPU
		Release|Any CPU = Release|Any CPU
	EndGlobalSection
	GlobalSection(ProjectConfigurationPlatforms) = postSolution
		{0E478C2B-308D-4428-A749-C7C8A72943F2}.Debug|Any CPU.ActiveCfg = Debug|Any CPU
		{0E478C2B-308D-4428-A749-C7C8A72943F2}.Debug|Any CPU.Build.0 = Debug|Any CPU
		{0E478C2B-308D-4428-A749-C7C8A72943F2}.Release|Any CPU.ActiveCfg = Release|Any CPU
		{0E478C2B-308D-4428-A749-C7C8A72943F2}.Release|Any CPU.Build.0 = Release|Any CPU
		{9CA7F9A9-FE51-45F8-98B7-A4BBDF9A71A3}.Debug|Any CPU.ActiveCfg = Debug|Any CPU
		{9CA7F9A9-FE51-45F8-98B7-A4BBDF9A71A3}.Debug|Any CPU.Build.0 = Debug|Any CPU
		{9CA7F9A9-FE51-45F8-98B7-A4BBDF9A71A3}.Release|Any CPU.ActiveCfg = Release|Any CPU
		{9CA7F9A9-FE51-45F8-98B7-A4BBDF9A71A3}.Release|Any CPU.Build.0 = Release|Any CPU
		{843632CE-199F-43B5-A25F-752BC8DFA487}.Debug|Any CPU.ActiveCfg = Debug|Any CPU
		{843632CE-199F-43B5-A25F-752BC8DFA487}.Debug|Any CPU.Build.0 = Debug|Any CPU
		{843632CE-199F-43B5-A25F-752BC8DFA487}.Release|Any CPU.ActiveCfg = Release|Any CPU
		{843632CE-199F-43B5-A25F-752BC8DFA487}.Release|Any CPU.Build.0 = Release|Any CPU
	EndGlobalSection
	GlobalSection(SolutionProperties) = preSolution
		HideSolutionNode = FALSE
	EndGlobalSection
	GlobalSection(ExtensibilityGlobals) = postSolution
		SolutionGuid = {320FF337-FC2F-4B05-9E8B-C564462809C4}
	EndGlobalSection
EndGlobal
